
Microsoft Visual Studio Solution File, Format Version 12.00
# Visual Studio Version 17
VisualStudioVersion = 17.12.35527.113
MinimumVisualStudioVersion = 10.0.40219.1
Project("{FAE04EC0-301F-11D3-BF4B-00C04F79EFBC}") = "CommonSDK", "CommonSDK\CommonSDK.csproj", "{67D809F9-58DA-4574-A0D7-CB5978488AEE}"
EndProject
Project("{FAE04EC0-301F-11D3-BF4B-00C04F79EFBC}") = "CommonSDK.UnitTests", "CommonSDK.UnitTests\CommonSDK.UnitTests.csproj", "{DC963D16-56F8-448F-9D1D-01D46B284DC0}"
EndProject
Project("{FAE04EC0-301F-11D3-BF4B-00C04F79EFBC}") = "CommonSDK.Application", "CommonSDK.Application\CommonSDK.Application.csproj", "{8E646596-CD48-4E67-BB71-0A687C34D4EB}"
EndProject
Project("{FAE04EC0-301F-11D3-BF4B-00C04F79EFBC}") = "CommonSDK.Console", "CommonSDK.Console\CommonSDK.Console.csproj", "{12AA888E-96A5-40B9-9F44-25A1569ED692}"
EndProject
Global
	GlobalSection(SolutionConfigurationPlatforms) = preSolution
		Debug|Any CPU = Debug|Any CPU
		Release|Any CPU = Release|Any CPU
	EndGlobalSection
	GlobalSection(ProjectConfigurationPlatforms) = postSolution
		{67D809F9-58DA-4574-A0D7-CB5978488AEE}.Debug|Any CPU.ActiveCfg = Debug|Any CPU
		{67D809F9-58DA-4574-A0D7-CB5978488AEE}.Debug|Any CPU.Build.0 = Debug|Any CPU
		{67D809F9-58DA-4574-A0D7-CB5978488AEE}.Release|Any CPU.ActiveCfg = Release|Any CPU
		{67D809F9-58DA-4574-A0D7-CB5978488AEE}.Release|Any CPU.Build.0 = Release|Any CPU
		{DC963D16-56F8-448F-9D1D-01D46B284DC0}.Debug|Any CPU.ActiveCfg = Debug|Any CPU
		{DC963D16-56F8-448F-9D1D-01D46B284DC0}.Debug|Any CPU.Build.0 = Debug|Any CPU
		{DC963D16-56F8-448F-9D1D-01D46B284DC0}.Release|Any CPU.ActiveCfg = Release|Any CPU
		{DC963D16-56F8-448F-9D1D-01D46B284DC0}.Release|Any CPU.Build.0 = Release|Any CPU
		{8E646596-CD48-4E67-BB71-0A687C34D4EB}.Debug|Any CPU.ActiveCfg = Debug|Any CPU
		{8E646596-CD48-4E67-BB71-0A687C34D4EB}.Debug|Any CPU.Build.0 = Debug|Any CPU
		{8E646596-CD48-4E67-BB71-0A687C34D4EB}.Release|Any CPU.ActiveCfg = Release|Any CPU
		{8E646596-CD48-4E67-BB71-0A687C34D4EB}.Release|Any CPU.Build.0 = Release|Any CPU
		{12AA888E-96A5-40B9-9F44-25A1569ED692}.Debug|Any CPU.ActiveCfg = Debug|Any CPU
		{12AA888E-96A5-40B9-9F44-25A1569ED692}.Debug|Any CPU.Build.0 = Debug|Any CPU
		{12AA888E-96A5-40B9-9F44-25A1569ED692}.Release|Any CPU.ActiveCfg = Release|Any CPU
		{12AA888E-96A5-40B9-9F44-25A1569ED692}.Release|Any CPU.Build.0 = Release|Any CPU
	EndGlobalSection
	GlobalSection(SolutionProperties) = preSolution
		HideSolutionNode = FALSE
	EndGlobalSection
EndGlobal
